// !$*UTF8*$!
{
	archiveVersion = 1;
	classes = {
	};
	objectVersion = 50;
	objects = {

/* Begin PBXBuildFile section */
		3E678CAF24BD839F00F056F9 /* AppDelegate.swift in Sources */ = {isa = PBXBuildFile; fileRef = 3E678CAE24BD839F00F056F9 /* AppDelegate.swift */; };
		3E678CB124BD839F00F056F9 /* SceneDelegate.swift in Sources */ = {isa = PBXBuildFile; fileRef = 3E678CB024BD839F00F056F9 /* SceneDelegate.swift */; };
		3E678CB324BD839F00F056F9 /* ViewController.swift in Sources */ = {isa = PBXBuildFile; fileRef = 3E678CB224BD839F00F056F9 /* ViewController.swift */; };
		3E678CB624BD839F00F056F9 /* Main.storyboard in Resources */ = {isa = PBXBuildFile; fileRef = 3E678CB424BD839F00F056F9 /* Main.storyboard */; };
		3E678CB824BD83A100F056F9 /* Assets.xcassets in Resources */ = {isa = PBXBuildFile; fileRef = 3E678CB724BD83A100F056F9 /* Assets.xcassets */; };
		3E678CBB24BD83A100F056F9 /* LaunchScreen.storyboard in Resources */ = {isa = PBXBuildFile; fileRef = 3E678CB924BD83A100F056F9 /* LaunchScreen.storyboard */; };
		3EA12D7E24BD929B00742141 /* Model.swift in Sources */ = {isa = PBXBuildFile; fileRef = 3EA12D7D24BD929B00742141 /* Model.swift */; };
		3EA12D8424BD9C3A00742141 /* DetailViewController.swift in Sources */ = {isa = PBXBuildFile; fileRef = 3EA12D8324BD9C3A00742141 /* DetailViewController.swift */; };
		3EA12D8624BDAFA800742141 /* ModelDetail.swift in Sources */ = {isa = PBXBuildFile; fileRef = 3EA12D8524BDAFA800742141 /* ModelDetail.swift */; };
/* End PBXBuildFile section */

/* Begin PBXFileReference section */
		3E678CAB24BD839F00F056F9 /* tableViewDynamic.app */ = {isa = PBXFileReference; explicitFileType = wrapper.application; includeInIndex = 0; path = tableViewDynamic.app; sourceTree = BUILT_PRODUCTS_DIR; };
		3E678CAE24BD839F00F056F9 /* AppDelegate.swift */ = {isa = PBXFileReference; lastKnownFileType = sourcecode.swift; path = AppDelegate.swift; sourceTree = "<group>"; };
		3E678CB024BD839F00F056F9 /* SceneDelegate.swift */ = {isa = PBXFileReference; lastKnownFileType = sourcecode.swift; path = SceneDelegate.swift; sourceTree = "<group>"; };
		3E678CB224BD839F00F056F9 /* ViewController.swift */ = {isa = PBXFileReference; lastKnownFileType = sourcecode.swift; path = ViewController.swift; sourceTree = "<group>"; };
		3E678CB524BD839F00F056F9 /* Base */ = {isa = PBXFileReference; lastKnownFileType = file.storyboard; name = Base; path = Base.lproj/Main.storyboard; sourceTree = "<group>"; };
		3E678CB724BD83A100F056F9 /* Assets.xcassets */ = {isa = PBXFileReference; lastKnownFileType = folder.assetcatalog; path = Assets.xcassets; sourceTree = "<group>"; };
		3E678CBA24BD83A100F056F9 /* Base */ = {isa = PBXFileReference; lastKnownFileType = file.storyboard; name = Base; path = Base.lproj/LaunchScreen.storyboard; sourceTree = "<group>"; };
		3E678CBC24BD83A100F056F9 /* Info.plist */ = {isa = PBXFileReference; lastKnownFileType = text.plist.xml; path = Info.plist; sourceTree = "<group>"; };
		3EA12D7D24BD929B00742141 /* Model.swift */ = {isa = PBXFileReference; lastKnownFileType = sourcecode.swift; path = Model.swift; sourceTree = "<group>"; };
		3EA12D8324BD9C3A00742141 /* DetailViewController.swift */ = {isa = PBXFileReference; lastKnownFileType = sourcecode.swift; path = DetailViewController.swift; sourceTree = "<group>"; };
		3EA12D8524BDAFA800742141 /* ModelDetail.swift */ = {isa = PBXFileReference; lastKnownFileType = sourcecode.swift; path = ModelDetail.swift; sourceTree = "<group>"; };
/* End PBXFileReference section */

/* Begin PBXFrameworksBuildPhase section */
		3E678CA824BD839F00F056F9 /* Frameworks */ = {
			isa = PBXFrameworksBuildPhase;
			buildActionMask = 2147483647;
			files = (
			);
			runOnlyForDeploymentPostprocessing = 0;
		};
/* End PBXFrameworksBuildPhase section */

/* Begin PBXGroup section */
		3E678CA224BD839F00F056F9 = {
			isa = PBXGroup;
			children = (
				3E678CAD24BD839F00F056F9 /* tableViewDynamic */,
				3E678CAC24BD839F00F056F9 /* Products */,
			);
			sourceTree = "<group>";
		};
		3E678CAC24BD839F00F056F9 /* Products */ = {
			isa = PBXGroup;
			children = (
				3E678CAB24BD839F00F056F9 /* tableViewDynamic.app */,
			);
			name = Products;
			sourceTree = "<group>";
		};
		3E678CAD24BD839F00F056F9 /* tableViewDynamic */ = {
			isa = PBXGroup;
			children = (
				3EA12D8324BD9C3A00742141 /* DetailViewController.swift */,
				3EA12D8524BDAFA800742141 /* ModelDetail.swift */,
				3E678CAE24BD839F00F056F9 /* AppDelegate.swift */,
				3E678CB024BD839F00F056F9 /* SceneDelegate.swift */,
				3E678CB224BD839F00F056F9 /* ViewController.swift */,
				3E678CB424BD839F00F056F9 /* Main.storyboard */,
				3EA12D7D24BD929B00742141 /* Model.swift */,
				3E678CB724BD83A100F056F9 /* Assets.xcassets */,
				3E678CB924BD83A100F056F9 /* LaunchScreen.storyboard */,
				3E678CBC24BD83A100F056F9 /* Info.plist */,
			);
			path = tableViewDynamic;
			sourceTree = "<group>";
		};
/* End PBXGroup section */

/* Begin PBXNativeTarget section */
		3E678CAA24BD839F00F056F9 /* tableViewDynamic */ = {
			isa = PBXNativeTarget;
			buildConfigurationList = 3E678CBF24BD83A100F056F9 /* Build configuration list for PBXNativeTarget "tableViewDynamic" */;
			buildPhases = (
				3E678CA724BD839F00F056F9 /* Sources */,
				3E678CA824BD839F00F056F9 /* Frameworks */,
				3E678CA924BD839F00F056F9 /* Resources */,
			);
			buildRules = (
			);
			dependencies = (
			);
			name = tableViewDynamic;
			productName = tableViewDynamic;
			productReference = 3E678CAB24BD839F00F056F9 /* tableViewDynamic.app */;
			productType = "com.apple.product-type.application";
		};
/* End PBXNativeTarget section */

/* Begin PBXProject section */
		3E678CA324BD839F00F056F9 /* Project object */ = {
			isa = PBXProject;
			attributes = {
				LastSwiftUpdateCheck = 1130;
				LastUpgradeCheck = 1130;
				ORGANIZATIONNAME = Sinergy;
				TargetAttributes = {
					3E678CAA24BD839F00F056F9 = {
						CreatedOnToolsVersion = 11.3.1;
					};
				};
			};
			buildConfigurationList = 3E678CA624BD839F00F056F9 /* Build configuration list for PBXProject "tableViewDynamic" */;
			compatibilityVersion = "Xcode 9.3";
			developmentRegion = en;
			hasScannedForEncodings = 0;
			knownRegions = (
				en,
				Base,
			);
			mainGroup = 3E678CA224BD839F00F056F9;
			productRefGroup = 3E678CAC24BD839F00F056F9 /* Products */;
			projectDirPath = "";
			projectRoot = "";
			targets = (
				3E678CAA24BD839F00F056F9 /* tableViewDynamic */,
			);
		};
/* End PBXProject section */

/* Begin PBXResourcesBuildPhase section */
		3E678CA924BD839F00F056F9 /* Resources */ = {
			isa = PBXResourcesBuildPhase;
			buildActionMask = 2147483647;
			files = (
				3E678CBB24BD83A100F056F9 /* LaunchScreen.storyboard in Resources */,
				3E678CB824BD83A100F056F9 /* Assets.xcassets in Resources */,
				3E678CB624BD839F00F056F9 /* Main.storyboard in Resources */,
			);
			runOnlyForDeploymentPostprocessing = 0;
		};
/* End PBXResourcesBuildPhase section */

/* Begin PBXSourcesBuildPhase section */
		3E678CA724BD839F00F056F9 /* Sources */ = {
			isa = PBXSourcesBuildPhase;
			buildActionMask = 2147483647;
			files = (
				3E678CB324BD839F00F056F9 /* ViewController.swift in Sources */,
				3E678CAF24BD839F00F056F9 /* AppDelegate.swift in Sources */,
				3EA12D8424BD9C3A00742141 /* DetailViewController.swift in Sources */,
				3E678CB124BD839F00F056F9 /* SceneDelegate.swift in Sources */,
				3EA12D8624BDAFA800742141 /* ModelDetail.swift in Sources */,
				3EA12D7E24BD929B00742141 /* Model.swift in Sources */,
			);
			runOnlyForDeploymentPostprocessing = 0;
		};
/* End PBXSourcesBuildPhase section */

/* Begin PBXVariantGroup section */
		3E678CB424BD839F00F056F9 /* Main.storyboard */ = {
			isa = PBXVariantGroup;
			children = (
				3E678CB524BD839F00F056F9 /* Base */,
			);
			name = Main.storyboard;
			sourceTree = "<group>";
		};
		3E678CB924BD83A100F056F9 /* LaunchScreen.storyboard */ = {
			isa = PBXVariantGroup;
			children = (
				3E678CBA24BD83A100F056F9 /* Base */,
			);
			name = LaunchScreen.storyboard;
			sourceTree = "<group>";
		};
/* End PBXVariantGroup section */

/* Begin XCBuildConfiguration section */
		3E678CBD24BD83A100F056F9 /* Debug */ = {
			isa = XCBuildConfiguration;
			buildSettings = {
				ALWAYS_SEARCH_USER_PATHS = NO;
				CLANG_ANALYZER_NONNULL = YES;
				CLANG_ANALYZER_NUMBER_OBJECT_CONVERSION = YES_AGGRESSIVE;
				CLANG_CXX_LANGUAGE_STANDARD = "gnu++14";
				CLANG_CXX_LIBRARY = "libc++";
				CLANG_ENABLE_MODULES = YES;
				CLANG_ENABLE_OBJC_ARC = YES;
				CLANG_ENABLE_OBJC_WEAK = YES;
				CLANG_WARN_BLOCK_CAPTURE_AUTORELEASING = YES;
				CLANG_WARN_BOOL_CONVERSION = YES;
				CLANG_WARN_COMMA = YES;
				CLANG_WARN_CONSTANT_CONVERSION = YES;
				CLANG_WARN_DEPRECATED_OBJC_IMPLEMENTATIONS = YES;
				CLANG_WARN_DIRECT_OBJC_ISA_USAGE = YES_ERROR;
				CLANG_WARN_DOCUMENTATION_COMMENTS = YES;
				CLANG_WARN_EMPTY_BODY = YES;
				CLANG_WARN_ENUM_CONVERSION = YES;
				CLANG_WARN_INFINITE_RECURSION = YES;
				CLANG_WARN_INT_CONVERSION = YES;
				CLANG_WARN_NON_LITERAL_NULL_CONVERSION = YES;
				CLANG_WARN_OBJC_IMPLICIT_RETAIN_SELF = YES;
				CLANG_WARN_OBJC_LITERAL_CONVERSION = YES;
				CLANG_WARN_OBJC_ROOT_CLASS = YES_ERROR;
				CLANG_WARN_RANGE_LOOP_ANALYSIS = YES;
				CLANG_WARN_STRICT_PROTOTYPES = YES;
				CLANG_WARN_SUSPICIOUS_MOVE = YES;
				CLANG_WARN_UNGUARDED_AVAILABILITY = YES_AGGRESSIVE;
				CLANG_WARN_UNREACHABLE_CODE = YES;
				CLANG_WARN__DUPLICATE_METHOD_MATCH = YES;
				COPY_PHASE_STRIP = NO;
				DEBUG_INFORMATION_FORMAT = dwarf;
				ENABLE_STRICT_OBJC_MSGSEND = YES;
				ENABLE_TESTABILITY = YES;
				GCC_C_LANGUAGE_STANDARD = gnu11;
				GCC_DYNAMIC_NO_PIC = NO;
				GCC_NO_COMMON_BLOCKS = YES;
				GCC_OPTIMIZATION_LEVEL = 0;
				GCC_PREPROCESSOR_DEFINITIONS = (
					"DEBUG=1",
					"$(inherited)",
				);
				GCC_WARN_64_TO_32_BIT_CONVERSION = YES;
				GCC_WARN_ABOUT_RETURN_TYPE = YES_ERROR;
				GCC_WARN_UNDECLARED_SELECTOR = YES;
				GCC_WARN_UNINITIALIZED_AUTOS = YES_AGGRESSIVE;
				GCC_WARN_UNUSED_FUNCTION = YES;
				GCC_WARN_UNUSED_VARIABLE = YES;
				IPHONEOS_DEPLOYMENT_TARGET = 13.2;
				MTL_ENABLE_DEBUG_INFO = INCLUDE_SOURCE;
				MTL_FAST_MATH = YES;
				ONLY_ACTIVE_ARCH = YES;
				SDKROOT = iphoneos;
				SWIFT_ACTIVE_COMPILATION_CONDITIONS = DEBUG;
				SWIFT_OPTIMIZATION_LEVEL = "-Onone";
			};
			name = Debug;
		};
		3E678CBE24BD83A100F056F9 /* Release */ = {
			isa = XCBuildConfiguration;
			buildSettings = {
				ALWAYS_SEARCH_USER_PATHS = NO;
				CLANG_ANALYZER_NONNULL = YES;
				CLANG_ANALYZER_NUMBER_OBJECT_CONVERSION = YES_AGGRESSIVE;
				CLANG_CXX_LANGUAGE_STANDARD = "gnu++14";
				CLANG_CXX_LIBRARY = "libc++";
				CLANG_ENABLE_MODULES = YES;
				CLANG_ENABLE_OBJC_ARC = YES;
				CLANG_ENABLE_OBJC_WEAK = YES;
				CLANG_WARN_BLOCK_CAPTURE_AUTORELEASING = YES;
				CLANG_WARN_BOOL_CONVERSION = YES;
				CLANG_WARN_COMMA = YES;
				CLANG_WARN_CONSTANT_CONVERSION = YES;
				CLANG_WARN_DEPRECATED_OBJC_IMPLEMENTATIONS = YES;
				CLANG_WARN_DIRECT_OBJC_ISA_USAGE = YES_ERROR;
				CLANG_WARN_DOCUMENTATION_COMMENTS = YES;
				CLANG_WARN_EMPTY_BODY = YES;
				CLANG_WARN_ENUM_CONVERSION = YES;
				CLANG_WARN_INFINITE_RECURSION = YES;
				CLANG_WARN_INT_CONVERSION = YES;
				CLANG_WARN_NON_LITERAL_NULL_CONVERSION = YES;
				CLANG_WARN_OBJC_IMPLICIT_RETAIN_SELF = YES;
				CLANG_WARN_OBJC_LITERAL_CONVERSION = YES;
				CLANG_WARN_OBJC_ROOT_CLASS = YES_ERROR;
				CLANG_WARN_RANGE_LOOP_ANALYSIS = YES;
				CLANG_WARN_STRICT_PROTOTYPES = YES;
				CLANG_WARN_SUSPICIOUS_MOVE = YES;
				CLANG_WARN_UNGUARDED_AVAILABILITY = YES_AGGRESSIVE;
				CLANG_WARN_UNREACHABLE_CODE = YES;
				CLANG_WARN__DUPLICATE_METHOD_MATCH = YES;
				COPY_PHASE_STRIP = NO;
				DEBUG_INFORMATION_FORMAT = "dwarf-with-dsym";
				ENABLE_NS_ASSERTIONS = NO;
				ENABLE_STRICT_OBJC_MSGSEND = YES;
				GCC_C_LANGUAGE_STANDARD = gnu11;
				GCC_NO_COMMON_BLOCKS = YES;
				GCC_WARN_64_TO_32_BIT_CONVERSION = YES;
				GCC_WARN_ABOUT_RETURN_TYPE = YES_ERROR;
				GCC_WARN_UNDECLARED_SELECTOR = YES;
				GCC_WARN_UNINITIALIZED_AUTOS = YES_AGGRESSIVE;
				GCC_WARN_UNUSED_FUNCTION = YES;
				GCC_WARN_UNUSED_VARIABLE = YES;
				IPHONEOS_DEPLOYMENT_TARGET = 13.2;
				MTL_ENABLE_DEBUG_INFO = NO;
				MTL_FAST_MATH = YES;
				SDKROOT = iphoneos;
				SWIFT_COMPILATION_MODE = wholemodule;
				SWIFT_OPTIMIZATION_LEVEL = "-O";
				VALIDATE_PRODUCT = YES;
			};
			name = Release;
		};
		3E678CC024BD83A100F056F9 /* Debug */ = {
			isa = XCBuildConfiguration;
			buildSettings = {
				ASSETCATALOG_COMPILER_APPICON_NAME = AppIcon;
				CODE_SIGN_STYLE = Automatic;
				INFOPLIST_FILE = tableViewDynamic/Info.plist;
				LD_RUNPATH_SEARCH_PATHS = (
					"$(inherited)",
					"@executable_path/Frameworks",
				);
				PRODUCT_BUNDLE_IDENTIFIER = id.co.sinergy.tableViewDynamic;
				PRODUCT_NAME = "$(TARGET_NAME)";
				SWIFT_VERSION = 5.0;
				TARGETED_DEVICE_FAMILY = "1,2";
			};
			name = Debug;
		};
		3E678CC124BD83A100F056F9 /* Release */ = {
			isa = XCBuildConfiguration;
			buildSettings = {
				ASSETCATALOG_COMPILER_APPICON_NAME = AppIcon;
				CODE_SIGN_STYLE = Automatic;
				INFOPLIST_FILE = tableViewDynamic/Info.plist;
				LD_RUNPATH_SEARCH_PATHS = (
					"$(inherited)",
					"@executable_path/Frameworks",
				);
				PRODUCT_BUNDLE_IDENTIFIER = id.co.sinergy.tableViewDynamic;
				PRODUCT_NAME = "$(TARGET_NAME)";
				SWIFT_VERSION = 5.0;
				TARGETED_DEVICE_FAMILY = "1,2";
			};
			name = Release;
		};
/* End XCBuildConfiguration section */

/* Begin XCConfigurationList section */
		3E678CA624BD839F00F056F9 /* Build configuration list for PBXProject "tableViewDynamic" */ = {
			isa = XCConfigurationList;
			buildConfigurations = (
				3E678CBD24BD83A100F056F9 /* Debug */,
				3E678CBE24BD83A100F056F9 /* Release */,
			);
			defaultConfigurationIsVisible = 0;
			defaultConfigurationName = Release;
		};
		3E678CBF24BD83A100F056F9 /* Build configuration list for PBXNativeTarget "tableViewDynamic" */ = {
			isa = XCConfigurationList;
			buildConfigurations = (
				3E678CC024BD83A100F056F9 /* Debug */,
				3E678CC124BD83A100F056F9 /* Release */,
			);
			defaultConfigurationIsVisible = 0;
			defaultConfigurationName = Release;
		};
/* End XCConfigurationList section */
	};
	rootObject = 3E678CA324BD839F00F056F9 /* Project object */;
}
